
Microsoft Visual Studio Solution File, Format Version 12.00
# Visual Studio Version 16
VisualStudioVersion = 16.0.30503.244
MinimumVisualStudioVersion = 10.0.40219.1
Project("{FAE04EC0-301F-11D3-BF4B-00C04F79EFBC}") = "DNS-Swapper", "DNS-Swapper\DNS-Swapper.csproj", "{F2D68472-7913-4EF2-901E-4828BC05D7AD}"
EndProject
Project("{FAE04EC0-301F-11D3-BF4B-00C04F79EFBC}") = "swap", "swap\swap.csproj", "{5005E928-8655-48BC-9A8B-C9471C1651DF}"
EndProject
Project("{840C416C-B8F3-42BC-B0DD-F6BB14C9F8CB}") = "Installer_advinst", "Installer_advinst\Installer_advinst.aiproj", "{A68716E4-0FDB-4C0F-ACE0-CC153657533F}"
EndProject
Global
	GlobalSection(SolutionConfigurationPlatforms) = preSolution
		All|Any CPU = All|Any CPU
		All|x64 = All|x64
		Debug|Any CPU = Debug|Any CPU
		Debug|x64 = Debug|x64
		DefaultBuild|Any CPU = DefaultBuild|Any CPU
		DefaultBuild|x64 = DefaultBuild|x64
		Release|Any CPU = Release|Any CPU
		Release|x64 = Release|x64
	EndGlobalSection
	GlobalSection(ProjectConfigurationPlatforms) = postSolution
		{F2D68472-7913-4EF2-901E-4828BC05D7AD}.All|Any CPU.ActiveCfg = Release|Any CPU
		{F2D68472-7913-4EF2-901E-4828BC05D7AD}.All|Any CPU.Build.0 = Release|Any CPU
		{F2D68472-7913-4EF2-901E-4828BC05D7AD}.All|x64.ActiveCfg = Release|x64
		{F2D68472-7913-4EF2-901E-4828BC05D7AD}.All|x64.Build.0 = Release|x64
		{F2D68472-7913-4EF2-901E-4828BC05D7AD}.Debug|Any CPU.ActiveCfg = Debug|Any CPU
		{F2D68472-7913-4EF2-901E-4828BC05D7AD}.Debug|Any CPU.Build.0 = Debug|Any CPU
		{F2D68472-7913-4EF2-901E-4828BC05D7AD}.Debug|x64.ActiveCfg = Debug|x64
		{F2D68472-7913-4EF2-901E-4828BC05D7AD}.Debug|x64.Build.0 = Debug|x64
		{F2D68472-7913-4EF2-901E-4828BC05D7AD}.DefaultBuild|Any CPU.ActiveCfg = Debug|Any CPU
		{F2D68472-7913-4EF2-901E-4828BC05D7AD}.DefaultBuild|Any CPU.Build.0 = Debug|Any CPU
		{F2D68472-7913-4EF2-901E-4828BC05D7AD}.DefaultBuild|x64.ActiveCfg = Debug|x64
		{F2D68472-7913-4EF2-901E-4828BC05D7AD}.DefaultBuild|x64.Build.0 = Debug|x64
		{F2D68472-7913-4EF2-901E-4828BC05D7AD}.Release|Any CPU.ActiveCfg = Release|Any CPU
		{F2D68472-7913-4EF2-901E-4828BC05D7AD}.Release|Any CPU.Build.0 = Release|Any CPU
		{F2D68472-7913-4EF2-901E-4828BC05D7AD}.Release|x64.ActiveCfg = Release|x64
		{F2D68472-7913-4EF2-901E-4828BC05D7AD}.Release|x64.Build.0 = Release|x64
		{5005E928-8655-48BC-9A8B-C9471C1651DF}.All|Any CPU.ActiveCfg = Release|Any CPU
		{5005E928-8655-48BC-9A8B-C9471C1651DF}.All|Any CPU.Build.0 = Release|Any CPU
		{5005E928-8655-48BC-9A8B-C9471C1651DF}.All|x64.ActiveCfg = Release|x64
		{5005E928-8655-48BC-9A8B-C9471C1651DF}.All|x64.Build.0 = Release|x64
		{5005E928-8655-48BC-9A8B-C9471C1651DF}.Debug|Any CPU.ActiveCfg = Debug|Any CPU
		{5005E928-8655-48BC-9A8B-C9471C1651DF}.Debug|Any CPU.Build.0 = Debug|Any CPU
		{5005E928-8655-48BC-9A8B-C9471C1651DF}.Debug|x64.ActiveCfg = Debug|x64
		{5005E928-8655-48BC-9A8B-C9471C1651DF}.Debug|x64.Build.0 = Debug|x64
		{5005E928-8655-48BC-9A8B-C9471C1651DF}.DefaultBuild|Any CPU.ActiveCfg = Debug|Any CPU
		{5005E928-8655-48BC-9A8B-C9471C1651DF}.DefaultBuild|Any CPU.Build.0 = Debug|Any CPU
		{5005E928-8655-48BC-9A8B-C9471C1651DF}.DefaultBuild|x64.ActiveCfg = Debug|x64
		{5005E928-8655-48BC-9A8B-C9471C1651DF}.DefaultBuild|x64.Build.0 = Debug|x64
		{5005E928-8655-48BC-9A8B-C9471C1651DF}.Release|Any CPU.ActiveCfg = Release|Any CPU
		{5005E928-8655-48BC-9A8B-C9471C1651DF}.Release|Any CPU.Build.0 = Release|Any CPU
		{5005E928-8655-48BC-9A8B-C9471C1651DF}.Release|x64.ActiveCfg = Release|x64
		{5005E928-8655-48BC-9A8B-C9471C1651DF}.Release|x64.Build.0 = Release|x64
		{A68716E4-0FDB-4C0F-ACE0-CC153657533F}.All|Any CPU.ActiveCfg = DefaultBuild
		{A68716E4-0FDB-4C0F-ACE0-CC153657533F}.All|Any CPU.Build.0 = DefaultBuild
		{A68716E4-0FDB-4C0F-ACE0-CC153657533F}.All|x64.ActiveCfg = DefaultBuild
		{A68716E4-0FDB-4C0F-ACE0-CC153657533F}.All|x64.Build.0 = DefaultBuild
		{A68716E4-0FDB-4C0F-ACE0-CC153657533F}.Debug|Any CPU.ActiveCfg = DefaultBuild
		{A68716E4-0FDB-4C0F-ACE0-CC153657533F}.Debug|Any CPU.Build.0 = DefaultBuild
		{A68716E4-0FDB-4C0F-ACE0-CC153657533F}.Debug|x64.ActiveCfg = DefaultBuild
		{A68716E4-0FDB-4C0F-ACE0-CC153657533F}.Debug|x64.Build.0 = DefaultBuild
		{A68716E4-0FDB-4C0F-ACE0-CC153657533F}.DefaultBuild|Any CPU.ActiveCfg = DefaultBuild
		{A68716E4-0FDB-4C0F-ACE0-CC153657533F}.DefaultBuild|Any CPU.Build.0 = DefaultBuild
		{A68716E4-0FDB-4C0F-ACE0-CC153657533F}.DefaultBuild|x64.ActiveCfg = DefaultBuild
		{A68716E4-0FDB-4C0F-ACE0-CC153657533F}.DefaultBuild|x64.Build.0 = DefaultBuild
		{A68716E4-0FDB-4C0F-ACE0-CC153657533F}.Release|Any CPU.ActiveCfg = DefaultBuild
		{A68716E4-0FDB-4C0F-ACE0-CC153657533F}.Release|Any CPU.Build.0 = DefaultBuild
		{A68716E4-0FDB-4C0F-ACE0-CC153657533F}.Release|x64.ActiveCfg = DefaultBuild
		{A68716E4-0FDB-4C0F-ACE0-CC153657533F}.Release|x64.Build.0 = DefaultBuild
	EndGlobalSection
	GlobalSection(SolutionProperties) = preSolution
		HideSolutionNode = FALSE
	EndGlobalSection
	GlobalSection(ExtensibilityGlobals) = postSolution
		SolutionGuid = {C3499FC6-5C15-4C9A-9B69-023690904708}
	EndGlobalSection
EndGlobal
